<?xml version="1.0" encoding="utf-8"?>
<Project ToolsVersion="17.0" xmlns="http://schemas.microsoft.com/developer/msbuild/2003">
  <ItemGroup>
    <ClCompile Include="C:\Users\azeem\Documents\Projects\Games\OpenAge\standalone_pathfinding\pathfinding\legacy\a_star.cpp">
      <Filter>Source Files</Filter>
    </ClCompile>
    <ClCompile Include="C:\Users\azeem\Documents\Projects\Games\OpenAge\standalone_pathfinding\pathfinding\legacy\heuristics.cpp">
      <Filter>Source Files</Filter>
    </ClCompile>
    <ClCompile Include="C:\Users\azeem\Documents\Projects\Games\OpenAge\standalone_pathfinding\pathfinding\legacy\path.cpp">
      <Filter>Source Files</Filter>
    </ClCompile>
  </ItemGroup>
  <ItemGroup>
    <CustomBuild Include="C:\Users\azeem\Documents\Projects\Games\OpenAge\standalone_pathfinding\CMakeLists.txt" />
  </ItemGroup>
  <ItemGroup>
    <Filter Include="Source Files">
      <UniqueIdentifier>{87CF61D9-E2A7-3F00-833F-DD23E0D3B355}</UniqueIdentifier>
    </Filter>
  </ItemGroup>
</Project>
