
Microsoft Visual Studio Solution File, Format Version 12.00
# Visual Studio Version 17
Project("{8BC9CEB8-8B4A-11D0-8D11-00A0C91BC942}") = "ALL_BUILD", "ALL_BUILD.vcxproj", "{06A735B8-90CE-3174-B78F-92A8527D0413}"
	ProjectSection(ProjectDependencies) = postProject
		{B904B862-B4B7-3151-8240-7DB81EE9FCE2} = {B904B862-B4B7-3151-8240-7DB81EE9FCE2}
		{29410815-1F4E-3D2D-9018-ECD92A1D1269} = {29410815-1F4E-3D2D-9018-ECD92A1D1269}
		{08FA59E8-CD1B-3F7B-B9C5-D4BD793BF18B} = {08FA59E8-CD1B-3F7B-B9C5-D4BD793BF18B}
		{963CA790-F7C0-3105-818F-BE53D94BE196} = {963CA790-F7C0-3105-818F-BE53D94BE196}
	EndProjectSection
EndProject
Project("{8BC9CEB8-8B4A-11D0-8D11-00A0C91BC942}") = "ZERO_CHECK", "ZERO_CHECK.vcxproj", "{B904B862-B4B7-3151-8240-7DB81EE9FCE2}"
	ProjectSection(ProjectDependencies) = postProject
	EndProjectSection
EndProject
Project("{8BC9CEB8-8B4A-11D0-8D11-00A0C91BC942}") = "movement", "movement.vcxproj", "{29410815-1F4E-3D2D-9018-ECD92A1D1269}"
	ProjectSection(ProjectDependencies) = postProject
		{B904B862-B4B7-3151-8240-7DB81EE9FCE2} = {B904B862-B4B7-3151-8240-7DB81EE9FCE2}
		{08FA59E8-CD1B-3F7B-B9C5-D4BD793BF18B} = {08FA59E8-CD1B-3F7B-B9C5-D4BD793BF18B}
	EndProjectSection
EndProject
Project("{8BC9CEB8-8B4A-11D0-8D11-00A0C91BC942}") = "pathfinding", "pathfinding.vcxproj", "{08FA59E8-CD1B-3F7B-B9C5-D4BD793BF18B}"
	ProjectSection(ProjectDependencies) = postProject
		{B904B862-B4B7-3151-8240-7DB81EE9FCE2} = {B904B862-B4B7-3151-8240-7DB81EE9FCE2}
	EndProjectSection
EndProject
Project("{8BC9CEB8-8B4A-11D0-8D11-00A0C91BC942}") = "pathfinding_demo", "pathfinding_demo.vcxproj", "{963CA790-F7C0-3105-818F-BE53D94BE196}"
	ProjectSection(ProjectDependencies) = postProject
		{B904B862-B4B7-3151-8240-7DB81EE9FCE2} = {B904B862-B4B7-3151-8240-7DB81EE9FCE2}
		{29410815-1F4E-3D2D-9018-ECD92A1D1269} = {29410815-1F4E-3D2D-9018-ECD92A1D1269}
		{08FA59E8-CD1B-3F7B-B9C5-D4BD793BF18B} = {08FA59E8-CD1B-3F7B-B9C5-D4BD793BF18B}
	EndProjectSection
EndProject
Global
	GlobalSection(SolutionConfigurationPlatforms) = preSolution
		Debug|x64 = Debug|x64
		Release|x64 = Release|x64
		MinSizeRel|x64 = MinSizeRel|x64
		RelWithDebInfo|x64 = RelWithDebInfo|x64
	EndGlobalSection
	GlobalSection(ProjectConfigurationPlatforms) = postSolution
		{06A735B8-90CE-3174-B78F-92A8527D0413}.Debug|x64.ActiveCfg = Debug|x64
		{06A735B8-90CE-3174-B78F-92A8527D0413}.Release|x64.ActiveCfg = Release|x64
		{06A735B8-90CE-3174-B78F-92A8527D0413}.MinSizeRel|x64.ActiveCfg = MinSizeRel|x64
		{06A735B8-90CE-3174-B78F-92A8527D0413}.RelWithDebInfo|x64.ActiveCfg = RelWithDebInfo|x64
		{B904B862-B4B7-3151-8240-7DB81EE9FCE2}.Debug|x64.ActiveCfg = Debug|x64
		{B904B862-B4B7-3151-8240-7DB81EE9FCE2}.Debug|x64.Build.0 = Debug|x64
		{B904B862-B4B7-3151-8240-7DB81EE9FCE2}.Release|x64.ActiveCfg = Release|x64
		{B904B862-B4B7-3151-8240-7DB81EE9FCE2}.Release|x64.Build.0 = Release|x64
		{B904B862-B4B7-3151-8240-7DB81EE9FCE2}.MinSizeRel|x64.ActiveCfg = MinSizeRel|x64
		{B904B862-B4B7-3151-8240-7DB81EE9FCE2}.MinSizeRel|x64.Build.0 = MinSizeRel|x64
		{B904B862-B4B7-3151-8240-7DB81EE9FCE2}.RelWithDebInfo|x64.ActiveCfg = RelWithDebInfo|x64
		{B904B862-B4B7-3151-8240-7DB81EE9FCE2}.RelWithDebInfo|x64.Build.0 = RelWithDebInfo|x64
		{29410815-1F4E-3D2D-9018-ECD92A1D1269}.Debug|x64.ActiveCfg = Debug|x64
		{29410815-1F4E-3D2D-9018-ECD92A1D1269}.Debug|x64.Build.0 = Debug|x64
		{29410815-1F4E-3D2D-9018-ECD92A1D1269}.Release|x64.ActiveCfg = Release|x64
		{29410815-1F4E-3D2D-9018-ECD92A1D1269}.Release|x64.Build.0 = Release|x64
		{29410815-1F4E-3D2D-9018-ECD92A1D1269}.MinSizeRel|x64.ActiveCfg = MinSizeRel|x64
		{29410815-1F4E-3D2D-9018-ECD92A1D1269}.MinSizeRel|x64.Build.0 = MinSizeRel|x64
		{29410815-1F4E-3D2D-9018-ECD92A1D1269}.RelWithDebInfo|x64.ActiveCfg = RelWithDebInfo|x64
		{29410815-1F4E-3D2D-9018-ECD92A1D1269}.RelWithDebInfo|x64.Build.0 = RelWithDebInfo|x64
		{08FA59E8-CD1B-3F7B-B9C5-D4BD793BF18B}.Debug|x64.ActiveCfg = Debug|x64
		{08FA59E8-CD1B-3F7B-B9C5-D4BD793BF18B}.Debug|x64.Build.0 = Debug|x64
		{08FA59E8-CD1B-3F7B-B9C5-D4BD793BF18B}.Release|x64.ActiveCfg = Release|x64
		{08FA59E8-CD1B-3F7B-B9C5-D4BD793BF18B}.Release|x64.Build.0 = Release|x64
		{08FA59E8-CD1B-3F7B-B9C5-D4BD793BF18B}.MinSizeRel|x64.ActiveCfg = MinSizeRel|x64
		{08FA59E8-CD1B-3F7B-B9C5-D4BD793BF18B}.MinSizeRel|x64.Build.0 = MinSizeRel|x64
		{08FA59E8-CD1B-3F7B-B9C5-D4BD793BF18B}.RelWithDebInfo|x64.ActiveCfg = RelWithDebInfo|x64
		{08FA59E8-CD1B-3F7B-B9C5-D4BD793BF18B}.RelWithDebInfo|x64.Build.0 = RelWithDebInfo|x64
		{963CA790-F7C0-3105-818F-BE53D94BE196}.Debug|x64.ActiveCfg = Debug|x64
		{963CA790-F7C0-3105-818F-BE53D94BE196}.Debug|x64.Build.0 = Debug|x64
		{963CA790-F7C0-3105-818F-BE53D94BE196}.Release|x64.ActiveCfg = Release|x64
		{963CA790-F7C0-3105-818F-BE53D94BE196}.Release|x64.Build.0 = Release|x64
		{963CA790-F7C0-3105-818F-BE53D94BE196}.MinSizeRel|x64.ActiveCfg = MinSizeRel|x64
		{963CA790-F7C0-3105-818F-BE53D94BE196}.MinSizeRel|x64.Build.0 = MinSizeRel|x64
		{963CA790-F7C0-3105-818F-BE53D94BE196}.RelWithDebInfo|x64.ActiveCfg = RelWithDebInfo|x64
		{963CA790-F7C0-3105-818F-BE53D94BE196}.RelWithDebInfo|x64.Build.0 = RelWithDebInfo|x64
	EndGlobalSection
	GlobalSection(ExtensibilityGlobals) = postSolution
		SolutionGuid = {72BA5E13-7B46-360F-9ADF-371A3610328F}
	EndGlobalSection
	GlobalSection(ExtensibilityAddIns) = postSolution
	EndGlobalSection
EndGlobal
